
Microsoft Visual Studio Solution File, Format Version 12.00
# Visual Studio 14
VisualStudioVersion = 14.0.25420.1
MinimumVisualStudioVersion = 10.0.40219.1
Project("{FAE04EC0-301F-11D3-BF4B-00C04F79EFBC}") = "MultiSelectApp.Droid", "MultiSelectApp\MultiSelectApp.Droid\MultiSelectApp.Droid.csproj", "{2B9B5208-7396-4964-BDCF-A80DC4EED309}"
EndProject
Project("{FAE04EC0-301F-11D3-BF4B-00C04F79EFBC}") = "MultiSelectApp.iOS", "MultiSelectApp\MultiSelectApp.iOS\MultiSelectApp.iOS.csproj", "{5B4140E9-1719-4952-98C9-1414AE9FF633}"
EndProject
Project("{FAE04EC0-301F-11D3-BF4B-00C04F79EFBC}") = "MultiSelectApp.WinPhone", "MultiSelectApp\MultiSelectApp.WinPhone\MultiSelectApp.WinPhone.csproj", "{9B5FF1A5-3AE7-4270-8037-1C85AFD87667}"
EndProject
Project("{FAE04EC0-301F-11D3-BF4B-00C04F79EFBC}") = "MultiSelectApp.UWP", "MultiSelectApp\MultiSelectApp.UWP\MultiSelectApp.UWP.csproj", "{5776F9A6-D340-4F1C-96A9-3B06A0142C25}"
EndProject
Project("{FAE04EC0-301F-11D3-BF4B-00C04F79EFBC}") = "MultiSelectApp.Windows", "MultiSelectApp\MultiSelectApp.Windows\MultiSelectApp.Windows.csproj", "{0EAEC7AF-B0B4-48B7-B417-CF28DD98C531}"
EndProject
Project("{FAE04EC0-301F-11D3-BF4B-00C04F79EFBC}") = "MultiSelectApp", "MultiSelectApp\MultiSelectApp\MultiSelectApp.csproj", "{184A9ABB-C46A-46E6-90FF-A3FD965C4D0B}"
EndProject
Global
	GlobalSection(SolutionConfigurationPlatforms) = preSolution
		Ad-Hoc|Any CPU = Ad-Hoc|Any CPU
		Ad-Hoc|ARM = Ad-Hoc|ARM
		Ad-Hoc|iPhone = Ad-Hoc|iPhone
		Ad-Hoc|iPhoneSimulator = Ad-Hoc|iPhoneSimulator
		Ad-Hoc|x64 = Ad-Hoc|x64
		Ad-Hoc|x86 = Ad-Hoc|x86
		AppStore|Any CPU = AppStore|Any CPU
		AppStore|ARM = AppStore|ARM
		AppStore|iPhone = AppStore|iPhone
		AppStore|iPhoneSimulator = AppStore|iPhoneSimulator
		AppStore|x64 = AppStore|x64
		AppStore|x86 = AppStore|x86
		Debug|Any CPU = Debug|Any CPU
		Debug|ARM = Debug|ARM
		Debug|iPhone = Debug|iPhone
		Debug|iPhoneSimulator = Debug|iPhoneSimulator
		Debug|x64 = Debug|x64
		Debug|x86 = Debug|x86
		Release|Any CPU = Release|Any CPU
		Release|ARM = Release|ARM
		Release|iPhone = Release|iPhone
		Release|iPhoneSimulator = Release|iPhoneSimulator
		Release|x64 = Release|x64
		Release|x86 = Release|x86
	EndGlobalSection
	GlobalSection(ProjectConfigurationPlatforms) = postSolution
		{2B9B5208-7396-4964-BDCF-A80DC4EED309}.Ad-Hoc|Any CPU.ActiveCfg = Release|Any CPU
		{2B9B5208-7396-4964-BDCF-A80DC4EED309}.Ad-Hoc|Any CPU.Build.0 = Release|Any CPU
		{2B9B5208-7396-4964-BDCF-A80DC4EED309}.Ad-Hoc|Any CPU.Deploy.0 = Release|Any CPU
		{2B9B5208-7396-4964-BDCF-A80DC4EED309}.Ad-Hoc|ARM.ActiveCfg = Release|Any CPU
		{2B9B5208-7396-4964-BDCF-A80DC4EED309}.Ad-Hoc|ARM.Build.0 = Release|Any CPU
		{2B9B5208-7396-4964-BDCF-A80DC4EED309}.Ad-Hoc|ARM.Deploy.0 = Release|Any CPU
		{2B9B5208-7396-4964-BDCF-A80DC4EED309}.Ad-Hoc|iPhone.ActiveCfg = Release|Any CPU
		{2B9B5208-7396-4964-BDCF-A80DC4EED309}.Ad-Hoc|iPhone.Build.0 = Release|Any CPU
		{2B9B5208-7396-4964-BDCF-A80DC4EED309}.Ad-Hoc|iPhone.Deploy.0 = Release|Any CPU
		{2B9B5208-7396-4964-BDCF-A80DC4EED309}.Ad-Hoc|iPhoneSimulator.ActiveCfg = Release|Any CPU
		{2B9B5208-7396-4964-BDCF-A80DC4EED309}.Ad-Hoc|iPhoneSimulator.Build.0 = Release|Any CPU
		{2B9B5208-7396-4964-BDCF-A80DC4EED309}.Ad-Hoc|iPhoneSimulator.Deploy.0 = Release|Any CPU
		{2B9B5208-7396-4964-BDCF-A80DC4EED309}.Ad-Hoc|x64.ActiveCfg = Release|Any CPU
		{2B9B5208-7396-4964-BDCF-A80DC4EED309}.Ad-Hoc|x64.Build.0 = Release|Any CPU
		{2B9B5208-7396-4964-BDCF-A80DC4EED309}.Ad-Hoc|x64.Deploy.0 = Release|Any CPU
		{2B9B5208-7396-4964-BDCF-A80DC4EED309}.Ad-Hoc|x86.ActiveCfg = Release|Any CPU
		{2B9B5208-7396-4964-BDCF-A80DC4EED309}.Ad-Hoc|x86.Build.0 = Release|Any CPU
		{2B9B5208-7396-4964-BDCF-A80DC4EED309}.Ad-Hoc|x86.Deploy.0 = Release|Any CPU
		{2B9B5208-7396-4964-BDCF-A80DC4EED309}.AppStore|Any CPU.ActiveCfg = Release|Any CPU
		{2B9B5208-7396-4964-BDCF-A80DC4EED309}.AppStore|Any CPU.Build.0 = Release|Any CPU
		{2B9B5208-7396-4964-BDCF-A80DC4EED309}.AppStore|Any CPU.Deploy.0 = Release|Any CPU
		{2B9B5208-7396-4964-BDCF-A80DC4EED309}.AppStore|ARM.ActiveCfg = Release|Any CPU
		{2B9B5208-7396-4964-BDCF-A80DC4EED309}.AppStore|ARM.Build.0 = Release|Any CPU
		{2B9B5208-7396-4964-BDCF-A80DC4EED309}.AppStore|ARM.Deploy.0 = Release|Any CPU
		{2B9B5208-7396-4964-BDCF-A80DC4EED309}.AppStore|iPhone.ActiveCfg = Release|Any CPU
		{2B9B5208-7396-4964-BDCF-A80DC4EED309}.AppStore|iPhone.Build.0 = Release|Any CPU
		{2B9B5208-7396-4964-BDCF-A80DC4EED309}.AppStore|iPhone.Deploy.0 = Release|Any CPU
		{2B9B5208-7396-4964-BDCF-A80DC4EED309}.AppStore|iPhoneSimulator.ActiveCfg = Release|Any CPU
		{2B9B5208-7396-4964-BDCF-A80DC4EED309}.AppStore|iPhoneSimulator.Build.0 = Release|Any CPU
		{2B9B5208-7396-4964-BDCF-A80DC4EED309}.AppStore|iPhoneSimulator.Deploy.0 = Release|Any CPU
		{2B9B5208-7396-4964-BDCF-A80DC4EED309}.AppStore|x64.ActiveCfg = Release|Any CPU
		{2B9B5208-7396-4964-BDCF-A80DC4EED309}.AppStore|x64.Build.0 = Release|Any CPU
		{2B9B5208-7396-4964-BDCF-A80DC4EED309}.AppStore|x64.Deploy.0 = Release|Any CPU
		{2B9B5208-7396-4964-BDCF-A80DC4EED309}.AppStore|x86.ActiveCfg = Release|Any CPU
		{2B9B5208-7396-4964-BDCF-A80DC4EED309}.AppStore|x86.Build.0 = Release|Any CPU
		{2B9B5208-7396-4964-BDCF-A80DC4EED309}.AppStore|x86.Deploy.0 = Release|Any CPU
		{2B9B5208-7396-4964-BDCF-A80DC4EED309}.Debug|Any CPU.ActiveCfg = Debug|Any CPU
		{2B9B5208-7396-4964-BDCF-A80DC4EED309}.Debug|Any CPU.Build.0 = Debug|Any CPU
		{2B9B5208-7396-4964-BDCF-A80DC4EED309}.Debug|Any CPU.Deploy.0 = Debug|Any CPU
		{2B9B5208-7396-4964-BDCF-A80DC4EED309}.Debug|ARM.ActiveCfg = Debug|Any CPU
		{2B9B5208-7396-4964-BDCF-A80DC4EED309}.Debug|ARM.Build.0 = Debug|Any CPU
		{2B9B5208-7396-4964-BDCF-A80DC4EED309}.Debug|ARM.Deploy.0 = Debug|Any CPU
		{2B9B5208-7396-4964-BDCF-A80DC4EED309}.Debug|iPhone.ActiveCfg = Debug|Any CPU
		{2B9B5208-7396-4964-BDCF-A80DC4EED309}.Debug|iPhone.Build.0 = Debug|Any CPU
		{2B9B5208-7396-4964-BDCF-A80DC4EED309}.Debug|iPhone.Deploy.0 = Debug|Any CPU
		{2B9B5208-7396-4964-BDCF-A80DC4EED309}.Debug|iPhoneSimulator.ActiveCfg = Debug|Any CPU
		{2B9B5208-7396-4964-BDCF-A80DC4EED309}.Debug|iPhoneSimulator.Build.0 = Debug|Any CPU
		{2B9B5208-7396-4964-BDCF-A80DC4EED309}.Debug|iPhoneSimulator.Deploy.0 = Debug|Any CPU
		{2B9B5208-7396-4964-BDCF-A80DC4EED309}.Debug|x64.ActiveCfg = Debug|Any CPU
		{2B9B5208-7396-4964-BDCF-A80DC4EED309}.Debug|x64.Build.0 = Debug|Any CPU
		{2B9B5208-7396-4964-BDCF-A80DC4EED309}.Debug|x64.Deploy.0 = Debug|Any CPU
		{2B9B5208-7396-4964-BDCF-A80DC4EED309}.Debug|x86.ActiveCfg = Debug|Any CPU
		{2B9B5208-7396-4964-BDCF-A80DC4EED309}.Debug|x86.Build.0 = Debug|Any CPU
		{2B9B5208-7396-4964-BDCF-A80DC4EED309}.Debug|x86.Deploy.0 = Debug|Any CPU
		{2B9B5208-7396-4964-BDCF-A80DC4EED309}.Release|Any CPU.ActiveCfg = Release|Any CPU
		{2B9B5208-7396-4964-BDCF-A80DC4EED309}.Release|Any CPU.Build.0 = Release|Any CPU
		{2B9B5208-7396-4964-BDCF-A80DC4EED309}.Release|Any CPU.Deploy.0 = Release|Any CPU
		{2B9B5208-7396-4964-BDCF-A80DC4EED309}.Release|ARM.ActiveCfg = Release|Any CPU
		{2B9B5208-7396-4964-BDCF-A80DC4EED309}.Release|ARM.Build.0 = Release|Any CPU
		{2B9B5208-7396-4964-BDCF-A80DC4EED309}.Release|ARM.Deploy.0 = Release|Any CPU
		{2B9B5208-7396-4964-BDCF-A80DC4EED309}.Release|iPhone.ActiveCfg = Release|Any CPU
		{2B9B5208-7396-4964-BDCF-A80DC4EED309}.Release|iPhone.Build.0 = Release|Any CPU
		{2B9B5208-7396-4964-BDCF-A80DC4EED309}.Release|iPhone.Deploy.0 = Release|Any CPU
		{2B9B5208-7396-4964-BDCF-A80DC4EED309}.Release|iPhoneSimulator.ActiveCfg = Release|Any CPU
		{2B9B5208-7396-4964-BDCF-A80DC4EED309}.Release|iPhoneSimulator.Build.0 = Release|Any CPU
		{2B9B5208-7396-4964-BDCF-A80DC4EED309}.Release|iPhoneSimulator.Deploy.0 = Release|Any CPU
		{2B9B5208-7396-4964-BDCF-A80DC4EED309}.Release|x64.ActiveCfg = Release|Any CPU
		{2B9B5208-7396-4964-BDCF-A80DC4EED309}.Release|x64.Build.0 = Release|Any CPU
		{2B9B5208-7396-4964-BDCF-A80DC4EED309}.Release|x64.Deploy.0 = Release|Any CPU
		{2B9B5208-7396-4964-BDCF-A80DC4EED309}.Release|x86.ActiveCfg = Release|Any CPU
		{2B9B5208-7396-4964-BDCF-A80DC4EED309}.Release|x86.Build.0 = Release|Any CPU
		{2B9B5208-7396-4964-BDCF-A80DC4EED309}.Release|x86.Deploy.0 = Release|Any CPU
		{5B4140E9-1719-4952-98C9-1414AE9FF633}.Ad-Hoc|Any CPU.ActiveCfg = Ad-Hoc|iPhone
		{5B4140E9-1719-4952-98C9-1414AE9FF633}.Ad-Hoc|ARM.ActiveCfg = Ad-Hoc|iPhone
		{5B4140E9-1719-4952-98C9-1414AE9FF633}.Ad-Hoc|iPhone.ActiveCfg = Ad-Hoc|iPhone
		{5B4140E9-1719-4952-98C9-1414AE9FF633}.Ad-Hoc|iPhone.Build.0 = Ad-Hoc|iPhone
		{5B4140E9-1719-4952-98C9-1414AE9FF633}.Ad-Hoc|iPhoneSimulator.ActiveCfg = Ad-Hoc|iPhoneSimulator
		{5B4140E9-1719-4952-98C9-1414AE9FF633}.Ad-Hoc|iPhoneSimulator.Build.0 = Ad-Hoc|iPhoneSimulator
		{5B4140E9-1719-4952-98C9-1414AE9FF633}.Ad-Hoc|x64.ActiveCfg = Ad-Hoc|iPhone
		{5B4140E9-1719-4952-98C9-1414AE9FF633}.Ad-Hoc|x86.ActiveCfg = Ad-Hoc|iPhone
		{5B4140E9-1719-4952-98C9-1414AE9FF633}.AppStore|Any CPU.ActiveCfg = AppStore|iPhone
		{5B4140E9-1719-4952-98C9-1414AE9FF633}.AppStore|ARM.ActiveCfg = AppStore|iPhone
		{5B4140E9-1719-4952-98C9-1414AE9FF633}.AppStore|iPhone.ActiveCfg = AppStore|iPhone
		{5B4140E9-1719-4952-98C9-1414AE9FF633}.AppStore|iPhone.Build.0 = AppStore|iPhone
		{5B4140E9-1719-4952-98C9-1414AE9FF633}.AppStore|iPhoneSimulator.ActiveCfg = AppStore|iPhoneSimulator
		{5B4140E9-1719-4952-98C9-1414AE9FF633}.AppStore|iPhoneSimulator.Build.0 = AppStore|iPhoneSimulator
		{5B4140E9-1719-4952-98C9-1414AE9FF633}.AppStore|x64.ActiveCfg = AppStore|iPhone
		{5B4140E9-1719-4952-98C9-1414AE9FF633}.AppStore|x86.ActiveCfg = AppStore|iPhone
		{5B4140E9-1719-4952-98C9-1414AE9FF633}.Debug|Any CPU.ActiveCfg = Debug|iPhone
		{5B4140E9-1719-4952-98C9-1414AE9FF633}.Debug|ARM.ActiveCfg = Debug|iPhone
		{5B4140E9-1719-4952-98C9-1414AE9FF633}.Debug|iPhone.ActiveCfg = Debug|iPhone
		{5B4140E9-1719-4952-98C9-1414AE9FF633}.Debug|iPhone.Build.0 = Debug|iPhone
		{5B4140E9-1719-4952-98C9-1414AE9FF633}.Debug|iPhoneSimulator.ActiveCfg = Debug|iPhoneSimulator
		{5B4140E9-1719-4952-98C9-1414AE9FF633}.Debug|iPhoneSimulator.Build.0 = Debug|iPhoneSimulator
		{5B4140E9-1719-4952-98C9-1414AE9FF633}.Debug|x64.ActiveCfg = Debug|iPhone
		{5B4140E9-1719-4952-98C9-1414AE9FF633}.Debug|x86.ActiveCfg = Debug|iPhone
		{5B4140E9-1719-4952-98C9-1414AE9FF633}.Release|Any CPU.ActiveCfg = Release|iPhone
		{5B4140E9-1719-4952-98C9-1414AE9FF633}.Release|ARM.ActiveCfg = Release|iPhone
		{5B4140E9-1719-4952-98C9-1414AE9FF633}.Release|iPhone.ActiveCfg = Release|iPhone
		{5B4140E9-1719-4952-98C9-1414AE9FF633}.Release|iPhone.Build.0 = Release|iPhone
		{5B4140E9-1719-4952-98C9-1414AE9FF633}.Release|iPhoneSimulator.ActiveCfg = Release|iPhoneSimulator
		{5B4140E9-1719-4952-98C9-1414AE9FF633}.Release|iPhoneSimulator.Build.0 = Release|iPhoneSimulator
		{5B4140E9-1719-4952-98C9-1414AE9FF633}.Release|x64.ActiveCfg = Release|iPhone
		{5B4140E9-1719-4952-98C9-1414AE9FF633}.Release|x86.ActiveCfg = Release|iPhone
		{9B5FF1A5-3AE7-4270-8037-1C85AFD87667}.Ad-Hoc|Any CPU.ActiveCfg = Release|Any CPU
		{9B5FF1A5-3AE7-4270-8037-1C85AFD87667}.Ad-Hoc|Any CPU.Build.0 = Release|Any CPU
		{9B5FF1A5-3AE7-4270-8037-1C85AFD87667}.Ad-Hoc|Any CPU.Deploy.0 = Release|Any CPU
		{9B5FF1A5-3AE7-4270-8037-1C85AFD87667}.Ad-Hoc|ARM.ActiveCfg = Release|ARM
		{9B5FF1A5-3AE7-4270-8037-1C85AFD87667}.Ad-Hoc|ARM.Build.0 = Release|ARM
		{9B5FF1A5-3AE7-4270-8037-1C85AFD87667}.Ad-Hoc|ARM.Deploy.0 = Release|ARM
		{9B5FF1A5-3AE7-4270-8037-1C85AFD87667}.Ad-Hoc|iPhone.ActiveCfg = Release|Any CPU
		{9B5FF1A5-3AE7-4270-8037-1C85AFD87667}.Ad-Hoc|iPhone.Build.0 = Release|Any CPU
		{9B5FF1A5-3AE7-4270-8037-1C85AFD87667}.Ad-Hoc|iPhone.Deploy.0 = Release|Any CPU
		{9B5FF1A5-3AE7-4270-8037-1C85AFD87667}.Ad-Hoc|iPhoneSimulator.ActiveCfg = Release|Any CPU
		{9B5FF1A5-3AE7-4270-8037-1C85AFD87667}.Ad-Hoc|iPhoneSimulator.Build.0 = Release|Any CPU
		{9B5FF1A5-3AE7-4270-8037-1C85AFD87667}.Ad-Hoc|iPhoneSimulator.Deploy.0 = Release|Any CPU
		{9B5FF1A5-3AE7-4270-8037-1C85AFD87667}.Ad-Hoc|x64.ActiveCfg = Release|Any CPU
		{9B5FF1A5-3AE7-4270-8037-1C85AFD87667}.Ad-Hoc|x64.Build.0 = Release|Any CPU
		{9B5FF1A5-3AE7-4270-8037-1C85AFD87667}.Ad-Hoc|x64.Deploy.0 = Release|Any CPU
		{9B5FF1A5-3AE7-4270-8037-1C85AFD87667}.Ad-Hoc|x86.ActiveCfg = Release|x86
		{9B5FF1A5-3AE7-4270-8037-1C85AFD87667}.Ad-Hoc|x86.Build.0 = Release|x86
		{9B5FF1A5-3AE7-4270-8037-1C85AFD87667}.Ad-Hoc|x86.Deploy.0 = Release|x86
		{9B5FF1A5-3AE7-4270-8037-1C85AFD87667}.AppStore|Any CPU.ActiveCfg = Release|Any CPU
		{9B5FF1A5-3AE7-4270-8037-1C85AFD87667}.AppStore|Any CPU.Build.0 = Release|Any CPU
		{9B5FF1A5-3AE7-4270-8037-1C85AFD87667}.AppStore|Any CPU.Deploy.0 = Release|Any CPU
		{9B5FF1A5-3AE7-4270-8037-1C85AFD87667}.AppStore|ARM.ActiveCfg = Release|ARM
		{9B5FF1A5-3AE7-4270-8037-1C85AFD87667}.AppStore|ARM.Build.0 = Release|ARM
		{9B5FF1A5-3AE7-4270-8037-1C85AFD87667}.AppStore|ARM.Deploy.0 = Release|ARM
		{9B5FF1A5-3AE7-4270-8037-1C85AFD87667}.AppStore|iPhone.ActiveCfg = Release|Any CPU
		{9B5FF1A5-3AE7-4270-8037-1C85AFD87667}.AppStore|iPhone.Build.0 = Release|Any CPU
		{9B5FF1A5-3AE7-4270-8037-1C85AFD87667}.AppStore|iPhone.Deploy.0 = Release|Any CPU
		{9B5FF1A5-3AE7-4270-8037-1C85AFD87667}.AppStore|iPhoneSimulator.ActiveCfg = Release|Any CPU
		{9B5FF1A5-3AE7-4270-8037-1C85AFD87667}.AppStore|iPhoneSimulator.Build.0 = Release|Any CPU
		{9B5FF1A5-3AE7-4270-8037-1C85AFD87667}.AppStore|iPhoneSimulator.Deploy.0 = Release|Any CPU
		{9B5FF1A5-3AE7-4270-8037-1C85AFD87667}.AppStore|x64.ActiveCfg = Release|Any CPU
		{9B5FF1A5-3AE7-4270-8037-1C85AFD87667}.AppStore|x64.Build.0 = Release|Any CPU
		{9B5FF1A5-3AE7-4270-8037-1C85AFD87667}.AppStore|x64.Deploy.0 = Release|Any CPU
		{9B5FF1A5-3AE7-4270-8037-1C85AFD87667}.AppStore|x86.ActiveCfg = Release|x86
		{9B5FF1A5-3AE7-4270-8037-1C85AFD87667}.AppStore|x86.Build.0 = Release|x86
		{9B5FF1A5-3AE7-4270-8037-1C85AFD87667}.AppStore|x86.Deploy.0 = Release|x86
		{9B5FF1A5-3AE7-4270-8037-1C85AFD87667}.Debug|Any CPU.ActiveCfg = Debug|Any CPU
		{9B5FF1A5-3AE7-4270-8037-1C85AFD87667}.Debug|Any CPU.Build.0 = Debug|Any CPU
		{9B5FF1A5-3AE7-4270-8037-1C85AFD87667}.Debug|Any CPU.Deploy.0 = Debug|Any CPU
		{9B5FF1A5-3AE7-4270-8037-1C85AFD87667}.Debug|ARM.ActiveCfg = Debug|ARM
		{9B5FF1A5-3AE7-4270-8037-1C85AFD87667}.Debug|ARM.Build.0 = Debug|ARM
		{9B5FF1A5-3AE7-4270-8037-1C85AFD87667}.Debug|ARM.Deploy.0 = Debug|ARM
		{9B5FF1A5-3AE7-4270-8037-1C85AFD87667}.Debug|iPhone.ActiveCfg = Debug|Any CPU
		{9B5FF1A5-3AE7-4270-8037-1C85AFD87667}.Debug|iPhone.Build.0 = Debug|Any CPU
		{9B5FF1A5-3AE7-4270-8037-1C85AFD87667}.Debug|iPhone.Deploy.0 = Debug|Any CPU
		{9B5FF1A5-3AE7-4270-8037-1C85AFD87667}.Debug|iPhoneSimulator.ActiveCfg = Debug|Any CPU
		{9B5FF1A5-3AE7-4270-8037-1C85AFD87667}.Debug|iPhoneSimulator.Build.0 = Debug|Any CPU
		{9B5FF1A5-3AE7-4270-8037-1C85AFD87667}.Debug|iPhoneSimulator.Deploy.0 = Debug|Any CPU
		{9B5FF1A5-3AE7-4270-8037-1C85AFD87667}.Debug|x64.ActiveCfg = Debug|Any CPU
		{9B5FF1A5-3AE7-4270-8037-1C85AFD87667}.Debug|x64.Build.0 = Debug|Any CPU
		{9B5FF1A5-3AE7-4270-8037-1C85AFD87667}.Debug|x64.Deploy.0 = Debug|Any CPU
		{9B5FF1A5-3AE7-4270-8037-1C85AFD87667}.Debug|x86.ActiveCfg = Debug|x86
		{9B5FF1A5-3AE7-4270-8037-1C85AFD87667}.Debug|x86.Build.0 = Debug|x86
		{9B5FF1A5-3AE7-4270-8037-1C85AFD87667}.Debug|x86.Deploy.0 = Debug|x86
		{9B5FF1A5-3AE7-4270-8037-1C85AFD87667}.Release|Any CPU.ActiveCfg = Release|Any CPU
		{9B5FF1A5-3AE7-4270-8037-1C85AFD87667}.Release|Any CPU.Build.0 = Release|Any CPU
		{9B5FF1A5-3AE7-4270-8037-1C85AFD87667}.Release|Any CPU.Deploy.0 = Release|Any CPU
		{9B5FF1A5-3AE7-4270-8037-1C85AFD87667}.Release|ARM.ActiveCfg = Release|ARM
		{9B5FF1A5-3AE7-4270-8037-1C85AFD87667}.Release|ARM.Build.0 = Release|ARM
		{9B5FF1A5-3AE7-4270-8037-1C85AFD87667}.Release|ARM.Deploy.0 = Release|ARM
		{9B5FF1A5-3AE7-4270-8037-1C85AFD87667}.Release|iPhone.ActiveCfg = Release|Any CPU
		{9B5FF1A5-3AE7-4270-8037-1C85AFD87667}.Release|iPhone.Build.0 = Release|Any CPU
		{9B5FF1A5-3AE7-4270-8037-1C85AFD87667}.Release|iPhone.Deploy.0 = Release|Any CPU
		{9B5FF1A5-3AE7-4270-8037-1C85AFD87667}.Release|iPhoneSimulator.ActiveCfg = Release|Any CPU
		{9B5FF1A5-3AE7-4270-8037-1C85AFD87667}.Release|iPhoneSimulator.Build.0 = Release|Any CPU
		{9B5FF1A5-3AE7-4270-8037-1C85AFD87667}.Release|iPhoneSimulator.Deploy.0 = Release|Any CPU
		{9B5FF1A5-3AE7-4270-8037-1C85AFD87667}.Release|x64.ActiveCfg = Release|Any CPU
		{9B5FF1A5-3AE7-4270-8037-1C85AFD87667}.Release|x64.Build.0 = Release|Any CPU
		{9B5FF1A5-3AE7-4270-8037-1C85AFD87667}.Release|x64.Deploy.0 = Release|Any CPU
		{9B5FF1A5-3AE7-4270-8037-1C85AFD87667}.Release|x86.ActiveCfg = Release|x86
		{9B5FF1A5-3AE7-4270-8037-1C85AFD87667}.Release|x86.Build.0 = Release|x86
		{9B5FF1A5-3AE7-4270-8037-1C85AFD87667}.Release|x86.Deploy.0 = Release|x86
		{5776F9A6-D340-4F1C-96A9-3B06A0142C25}.Ad-Hoc|Any CPU.ActiveCfg = Release|x86
		{5776F9A6-D340-4F1C-96A9-3B06A0142C25}.Ad-Hoc|Any CPU.Build.0 = Release|x86
		{5776F9A6-D340-4F1C-96A9-3B06A0142C25}.Ad-Hoc|Any CPU.Deploy.0 = Release|x86
		{5776F9A6-D340-4F1C-96A9-3B06A0142C25}.Ad-Hoc|ARM.ActiveCfg = Release|ARM
		{5776F9A6-D340-4F1C-96A9-3B06A0142C25}.Ad-Hoc|ARM.Build.0 = Release|ARM
		{5776F9A6-D340-4F1C-96A9-3B06A0142C25}.Ad-Hoc|ARM.Deploy.0 = Release|ARM
		{5776F9A6-D340-4F1C-96A9-3B06A0142C25}.Ad-Hoc|iPhone.ActiveCfg = Release|x86
		{5776F9A6-D340-4F1C-96A9-3B06A0142C25}.Ad-Hoc|iPhone.Build.0 = Release|x86
		{5776F9A6-D340-4F1C-96A9-3B06A0142C25}.Ad-Hoc|iPhone.Deploy.0 = Release|x86
		{5776F9A6-D340-4F1C-96A9-3B06A0142C25}.Ad-Hoc|iPhoneSimulator.ActiveCfg = Release|x86
		{5776F9A6-D340-4F1C-96A9-3B06A0142C25}.Ad-Hoc|iPhoneSimulator.Build.0 = Release|x86
		{5776F9A6-D340-4F1C-96A9-3B06A0142C25}.Ad-Hoc|iPhoneSimulator.Deploy.0 = Release|x86
		{5776F9A6-D340-4F1C-96A9-3B06A0142C25}.Ad-Hoc|x64.ActiveCfg = Release|x64
		{5776F9A6-D340-4F1C-96A9-3B06A0142C25}.Ad-Hoc|x64.Build.0 = Release|x64
		{5776F9A6-D340-4F1C-96A9-3B06A0142C25}.Ad-Hoc|x64.Deploy.0 = Release|x64
		{5776F9A6-D340-4F1C-96A9-3B06A0142C25}.Ad-Hoc|x86.ActiveCfg = Release|x86
		{5776F9A6-D340-4F1C-96A9-3B06A0142C25}.Ad-Hoc|x86.Build.0 = Release|x86
		{5776F9A6-D340-4F1C-96A9-3B06A0142C25}.Ad-Hoc|x86.Deploy.0 = Release|x86
		{5776F9A6-D340-4F1C-96A9-3B06A0142C25}.AppStore|Any CPU.ActiveCfg = Release|x86
		{5776F9A6-D340-4F1C-96A9-3B06A0142C25}.AppStore|Any CPU.Build.0 = Release|x86
		{5776F9A6-D340-4F1C-96A9-3B06A0142C25}.AppStore|Any CPU.Deploy.0 = Release|x86
		{5776F9A6-D340-4F1C-96A9-3B06A0142C25}.AppStore|ARM.ActiveCfg = Release|ARM
		{5776F9A6-D340-4F1C-96A9-3B06A0142C25}.AppStore|ARM.Build.0 = Release|ARM
		{5776F9A6-D340-4F1C-96A9-3B06A0142C25}.AppStore|ARM.Deploy.0 = Release|ARM
		{5776F9A6-D340-4F1C-96A9-3B06A0142C25}.AppStore|iPhone.ActiveCfg = Release|x86
		{5776F9A6-D340-4F1C-96A9-3B06A0142C25}.AppStore|iPhone.Build.0 = Release|x86
		{5776F9A6-D340-4F1C-96A9-3B06A0142C25}.AppStore|iPhone.Deploy.0 = Release|x86
		{5776F9A6-D340-4F1C-96A9-3B06A0142C25}.AppStore|iPhoneSimulator.ActiveCfg = Release|x86
		{5776F9A6-D340-4F1C-96A9-3B06A0142C25}.AppStore|iPhoneSimulator.Build.0 = Release|x86
		{5776F9A6-D340-4F1C-96A9-3B06A0142C25}.AppStore|iPhoneSimulator.Deploy.0 = Release|x86
		{5776F9A6-D340-4F1C-96A9-3B06A0142C25}.AppStore|x64.ActiveCfg = Release|x64
		{5776F9A6-D340-4F1C-96A9-3B06A0142C25}.AppStore|x64.Build.0 = Release|x64
		{5776F9A6-D340-4F1C-96A9-3B06A0142C25}.AppStore|x64.Deploy.0 = Release|x64
		{5776F9A6-D340-4F1C-96A9-3B06A0142C25}.AppStore|x86.ActiveCfg = Release|x86
		{5776F9A6-D340-4F1C-96A9-3B06A0142C25}.AppStore|x86.Build.0 = Release|x86
		{5776F9A6-D340-4F1C-96A9-3B06A0142C25}.AppStore|x86.Deploy.0 = Release|x86
		{5776F9A6-D340-4F1C-96A9-3B06A0142C25}.Debug|Any CPU.ActiveCfg = Debug|x86
		{5776F9A6-D340-4F1C-96A9-3B06A0142C25}.Debug|ARM.ActiveCfg = Debug|ARM
		{5776F9A6-D340-4F1C-96A9-3B06A0142C25}.Debug|ARM.Build.0 = Debug|ARM
		{5776F9A6-D340-4F1C-96A9-3B06A0142C25}.Debug|ARM.Deploy.0 = Debug|ARM
		{5776F9A6-D340-4F1C-96A9-3B06A0142C25}.Debug|iPhone.ActiveCfg = Debug|x86
		{5776F9A6-D340-4F1C-96A9-3B06A0142C25}.Debug|iPhoneSimulator.ActiveCfg = Debug|x86
		{5776F9A6-D340-4F1C-96A9-3B06A0142C25}.Debug|x64.ActiveCfg = Debug|x64
		{5776F9A6-D340-4F1C-96A9-3B06A0142C25}.Debug|x64.Build.0 = Debug|x64
		{5776F9A6-D340-4F1C-96A9-3B06A0142C25}.Debug|x64.Deploy.0 = Debug|x64
		{5776F9A6-D340-4F1C-96A9-3B06A0142C25}.Debug|x86.ActiveCfg = Debug|x86
		{5776F9A6-D340-4F1C-96A9-3B06A0142C25}.Debug|x86.Build.0 = Debug|x86
		{5776F9A6-D340-4F1C-96A9-3B06A0142C25}.Debug|x86.Deploy.0 = Debug|x86
		{5776F9A6-D340-4F1C-96A9-3B06A0142C25}.Release|Any CPU.ActiveCfg = Release|x86
		{5776F9A6-D340-4F1C-96A9-3B06A0142C25}.Release|ARM.ActiveCfg = Release|ARM
		{5776F9A6-D340-4F1C-96A9-3B06A0142C25}.Release|ARM.Build.0 = Release|ARM
		{5776F9A6-D340-4F1C-96A9-3B06A0142C25}.Release|ARM.Deploy.0 = Release|ARM
		{5776F9A6-D340-4F1C-96A9-3B06A0142C25}.Release|iPhone.ActiveCfg = Release|x86
		{5776F9A6-D340-4F1C-96A9-3B06A0142C25}.Release|iPhoneSimulator.ActiveCfg = Release|x86
		{5776F9A6-D340-4F1C-96A9-3B06A0142C25}.Release|x64.ActiveCfg = Release|x64
		{5776F9A6-D340-4F1C-96A9-3B06A0142C25}.Release|x64.Build.0 = Release|x64
		{5776F9A6-D340-4F1C-96A9-3B06A0142C25}.Release|x64.Deploy.0 = Release|x64
		{5776F9A6-D340-4F1C-96A9-3B06A0142C25}.Release|x86.ActiveCfg = Release|x86
		{5776F9A6-D340-4F1C-96A9-3B06A0142C25}.Release|x86.Build.0 = Release|x86
		{5776F9A6-D340-4F1C-96A9-3B06A0142C25}.Release|x86.Deploy.0 = Release|x86
		{0EAEC7AF-B0B4-48B7-B417-CF28DD98C531}.Ad-Hoc|Any CPU.ActiveCfg = Release|Any CPU
		{0EAEC7AF-B0B4-48B7-B417-CF28DD98C531}.Ad-Hoc|Any CPU.Build.0 = Release|Any CPU
		{0EAEC7AF-B0B4-48B7-B417-CF28DD98C531}.Ad-Hoc|Any CPU.Deploy.0 = Release|Any CPU
		{0EAEC7AF-B0B4-48B7-B417-CF28DD98C531}.Ad-Hoc|ARM.ActiveCfg = Release|ARM
		{0EAEC7AF-B0B4-48B7-B417-CF28DD98C531}.Ad-Hoc|ARM.Build.0 = Release|ARM
		{0EAEC7AF-B0B4-48B7-B417-CF28DD98C531}.Ad-Hoc|ARM.Deploy.0 = Release|ARM
		{0EAEC7AF-B0B4-48B7-B417-CF28DD98C531}.Ad-Hoc|iPhone.ActiveCfg = Release|Any CPU
		{0EAEC7AF-B0B4-48B7-B417-CF28DD98C531}.Ad-Hoc|iPhone.Build.0 = Release|Any CPU
		{0EAEC7AF-B0B4-48B7-B417-CF28DD98C531}.Ad-Hoc|iPhone.Deploy.0 = Release|Any CPU
		{0EAEC7AF-B0B4-48B7-B417-CF28DD98C531}.Ad-Hoc|iPhoneSimulator.ActiveCfg = Release|Any CPU
		{0EAEC7AF-B0B4-48B7-B417-CF28DD98C531}.Ad-Hoc|iPhoneSimulator.Build.0 = Release|Any CPU
		{0EAEC7AF-B0B4-48B7-B417-CF28DD98C531}.Ad-Hoc|iPhoneSimulator.Deploy.0 = Release|Any CPU
		{0EAEC7AF-B0B4-48B7-B417-CF28DD98C531}.Ad-Hoc|x64.ActiveCfg = Release|x64
		{0EAEC7AF-B0B4-48B7-B417-CF28DD98C531}.Ad-Hoc|x64.Build.0 = Release|x64
		{0EAEC7AF-B0B4-48B7-B417-CF28DD98C531}.Ad-Hoc|x64.Deploy.0 = Release|x64
		{0EAEC7AF-B0B4-48B7-B417-CF28DD98C531}.Ad-Hoc|x86.ActiveCfg = Release|x86
		{0EAEC7AF-B0B4-48B7-B417-CF28DD98C531}.Ad-Hoc|x86.Build.0 = Release|x86
		{0EAEC7AF-B0B4-48B7-B417-CF28DD98C531}.Ad-Hoc|x86.Deploy.0 = Release|x86
		{0EAEC7AF-B0B4-48B7-B417-CF28DD98C531}.AppStore|Any CPU.ActiveCfg = Release|Any CPU
		{0EAEC7AF-B0B4-48B7-B417-CF28DD98C531}.AppStore|Any CPU.Build.0 = Release|Any CPU
		{0EAEC7AF-B0B4-48B7-B417-CF28DD98C531}.AppStore|Any CPU.Deploy.0 = Release|Any CPU
		{0EAEC7AF-B0B4-48B7-B417-CF28DD98C531}.AppStore|ARM.ActiveCfg = Release|ARM
		{0EAEC7AF-B0B4-48B7-B417-CF28DD98C531}.AppStore|ARM.Build.0 = Release|ARM
		{0EAEC7AF-B0B4-48B7-B417-CF28DD98C531}.AppStore|ARM.Deploy.0 = Release|ARM
		{0EAEC7AF-B0B4-48B7-B417-CF28DD98C531}.AppStore|iPhone.ActiveCfg = Release|Any CPU
		{0EAEC7AF-B0B4-48B7-B417-CF28DD98C531}.AppStore|iPhone.Build.0 = Release|Any CPU
		{0EAEC7AF-B0B4-48B7-B417-CF28DD98C531}.AppStore|iPhone.Deploy.0 = Release|Any CPU
		{0EAEC7AF-B0B4-48B7-B417-CF28DD98C531}.AppStore|iPhoneSimulator.ActiveCfg = Release|Any CPU
		{0EAEC7AF-B0B4-48B7-B417-CF28DD98C531}.AppStore|iPhoneSimulator.Build.0 = Release|Any CPU
		{0EAEC7AF-B0B4-48B7-B417-CF28DD98C531}.AppStore|iPhoneSimulator.Deploy.0 = Release|Any CPU
		{0EAEC7AF-B0B4-48B7-B417-CF28DD98C531}.AppStore|x64.ActiveCfg = Release|x64
		{0EAEC7AF-B0B4-48B7-B417-CF28DD98C531}.AppStore|x64.Build.0 = Release|x64
		{0EAEC7AF-B0B4-48B7-B417-CF28DD98C531}.AppStore|x64.Deploy.0 = Release|x64
		{0EAEC7AF-B0B4-48B7-B417-CF28DD98C531}.AppStore|x86.ActiveCfg = Release|x86
		{0EAEC7AF-B0B4-48B7-B417-CF28DD98C531}.AppStore|x86.Build.0 = Release|x86
		{0EAEC7AF-B0B4-48B7-B417-CF28DD98C531}.AppStore|x86.Deploy.0 = Release|x86
		{0EAEC7AF-B0B4-48B7-B417-CF28DD98C531}.Debug|Any CPU.ActiveCfg = Debug|Any CPU
		{0EAEC7AF-B0B4-48B7-B417-CF28DD98C531}.Debug|Any CPU.Build.0 = Debug|Any CPU
		{0EAEC7AF-B0B4-48B7-B417-CF28DD98C531}.Debug|Any CPU.Deploy.0 = Debug|Any CPU
		{0EAEC7AF-B0B4-48B7-B417-CF28DD98C531}.Debug|ARM.ActiveCfg = Debug|ARM
		{0EAEC7AF-B0B4-48B7-B417-CF28DD98C531}.Debug|ARM.Build.0 = Debug|ARM
		{0EAEC7AF-B0B4-48B7-B417-CF28DD98C531}.Debug|ARM.Deploy.0 = Debug|ARM
		{0EAEC7AF-B0B4-48B7-B417-CF28DD98C531}.Debug|iPhone.ActiveCfg = Debug|Any CPU
		{0EAEC7AF-B0B4-48B7-B417-CF28DD98C531}.Debug|iPhone.Build.0 = Debug|Any CPU
		{0EAEC7AF-B0B4-48B7-B417-CF28DD98C531}.Debug|iPhone.Deploy.0 = Debug|Any CPU
		{0EAEC7AF-B0B4-48B7-B417-CF28DD98C531}.Debug|iPhoneSimulator.ActiveCfg = Debug|Any CPU
		{0EAEC7AF-B0B4-48B7-B417-CF28DD98C531}.Debug|iPhoneSimulator.Build.0 = Debug|Any CPU
		{0EAEC7AF-B0B4-48B7-B417-CF28DD98C531}.Debug|iPhoneSimulator.Deploy.0 = Debug|Any CPU
		{0EAEC7AF-B0B4-48B7-B417-CF28DD98C531}.Debug|x64.ActiveCfg = Debug|x64
		{0EAEC7AF-B0B4-48B7-B417-CF28DD98C531}.Debug|x64.Build.0 = Debug|x64
		{0EAEC7AF-B0B4-48B7-B417-CF28DD98C531}.Debug|x64.Deploy.0 = Debug|x64
		{0EAEC7AF-B0B4-48B7-B417-CF28DD98C531}.Debug|x86.ActiveCfg = Debug|x86
		{0EAEC7AF-B0B4-48B7-B417-CF28DD98C531}.Debug|x86.Build.0 = Debug|x86
		{0EAEC7AF-B0B4-48B7-B417-CF28DD98C531}.Debug|x86.Deploy.0 = Debug|x86
		{0EAEC7AF-B0B4-48B7-B417-CF28DD98C531}.Release|Any CPU.ActiveCfg = Release|Any CPU
		{0EAEC7AF-B0B4-48B7-B417-CF28DD98C531}.Release|Any CPU.Build.0 = Release|Any CPU
		{0EAEC7AF-B0B4-48B7-B417-CF28DD98C531}.Release|Any CPU.Deploy.0 = Release|Any CPU
		{0EAEC7AF-B0B4-48B7-B417-CF28DD98C531}.Release|ARM.ActiveCfg = Release|ARM
		{0EAEC7AF-B0B4-48B7-B417-CF28DD98C531}.Release|ARM.Build.0 = Release|ARM
		{0EAEC7AF-B0B4-48B7-B417-CF28DD98C531}.Release|ARM.Deploy.0 = Release|ARM
		{0EAEC7AF-B0B4-48B7-B417-CF28DD98C531}.Release|iPhone.ActiveCfg = Release|Any CPU
		{0EAEC7AF-B0B4-48B7-B417-CF28DD98C531}.Release|iPhone.Build.0 = Release|Any CPU
		{0EAEC7AF-B0B4-48B7-B417-CF28DD98C531}.Release|iPhone.Deploy.0 = Release|Any CPU
		{0EAEC7AF-B0B4-48B7-B417-CF28DD98C531}.Release|iPhoneSimulator.ActiveCfg = Release|Any CPU
		{0EAEC7AF-B0B4-48B7-B417-CF28DD98C531}.Release|iPhoneSimulator.Build.0 = Release|Any CPU
		{0EAEC7AF-B0B4-48B7-B417-CF28DD98C531}.Release|iPhoneSimulator.Deploy.0 = Release|Any CPU
		{0EAEC7AF-B0B4-48B7-B417-CF28DD98C531}.Release|x64.ActiveCfg = Release|x64
		{0EAEC7AF-B0B4-48B7-B417-CF28DD98C531}.Release|x64.Build.0 = Release|x64
		{0EAEC7AF-B0B4-48B7-B417-CF28DD98C531}.Release|x64.Deploy.0 = Release|x64
		{0EAEC7AF-B0B4-48B7-B417-CF28DD98C531}.Release|x86.ActiveCfg = Release|x86
		{0EAEC7AF-B0B4-48B7-B417-CF28DD98C531}.Release|x86.Build.0 = Release|x86
		{0EAEC7AF-B0B4-48B7-B417-CF28DD98C531}.Release|x86.Deploy.0 = Release|x86
		{184A9ABB-C46A-46E6-90FF-A3FD965C4D0B}.Ad-Hoc|Any CPU.ActiveCfg = Release|Any CPU
		{184A9ABB-C46A-46E6-90FF-A3FD965C4D0B}.Ad-Hoc|Any CPU.Build.0 = Release|Any CPU
		{184A9ABB-C46A-46E6-90FF-A3FD965C4D0B}.Ad-Hoc|ARM.ActiveCfg = Release|Any CPU
		{184A9ABB-C46A-46E6-90FF-A3FD965C4D0B}.Ad-Hoc|ARM.Build.0 = Release|Any CPU
		{184A9ABB-C46A-46E6-90FF-A3FD965C4D0B}.Ad-Hoc|iPhone.ActiveCfg = Release|Any CPU
		{184A9ABB-C46A-46E6-90FF-A3FD965C4D0B}.Ad-Hoc|iPhone.Build.0 = Release|Any CPU
		{184A9ABB-C46A-46E6-90FF-A3FD965C4D0B}.Ad-Hoc|iPhoneSimulator.ActiveCfg = Release|Any CPU
		{184A9ABB-C46A-46E6-90FF-A3FD965C4D0B}.Ad-Hoc|iPhoneSimulator.Build.0 = Release|Any CPU
		{184A9ABB-C46A-46E6-90FF-A3FD965C4D0B}.Ad-Hoc|x64.ActiveCfg = Release|Any CPU
		{184A9ABB-C46A-46E6-90FF-A3FD965C4D0B}.Ad-Hoc|x64.Build.0 = Release|Any CPU
		{184A9ABB-C46A-46E6-90FF-A3FD965C4D0B}.Ad-Hoc|x86.ActiveCfg = Release|Any CPU
		{184A9ABB-C46A-46E6-90FF-A3FD965C4D0B}.Ad-Hoc|x86.Build.0 = Release|Any CPU
		{184A9ABB-C46A-46E6-90FF-A3FD965C4D0B}.AppStore|Any CPU.ActiveCfg = Release|Any CPU
		{184A9ABB-C46A-46E6-90FF-A3FD965C4D0B}.AppStore|Any CPU.Build.0 = Release|Any CPU
		{184A9ABB-C46A-46E6-90FF-A3FD965C4D0B}.AppStore|ARM.ActiveCfg = Release|Any CPU
		{184A9ABB-C46A-46E6-90FF-A3FD965C4D0B}.AppStore|ARM.Build.0 = Release|Any CPU
		{184A9ABB-C46A-46E6-90FF-A3FD965C4D0B}.AppStore|iPhone.ActiveCfg = Release|Any CPU
		{184A9ABB-C46A-46E6-90FF-A3FD965C4D0B}.AppStore|iPhone.Build.0 = Release|Any CPU
		{184A9ABB-C46A-46E6-90FF-A3FD965C4D0B}.AppStore|iPhoneSimulator.ActiveCfg = Release|Any CPU
		{184A9ABB-C46A-46E6-90FF-A3FD965C4D0B}.AppStore|iPhoneSimulator.Build.0 = Release|Any CPU
		{184A9ABB-C46A-46E6-90FF-A3FD965C4D0B}.AppStore|x64.ActiveCfg = Release|Any CPU
		{184A9ABB-C46A-46E6-90FF-A3FD965C4D0B}.AppStore|x64.Build.0 = Release|Any CPU
		{184A9ABB-C46A-46E6-90FF-A3FD965C4D0B}.AppStore|x86.ActiveCfg = Release|Any CPU
		{184A9ABB-C46A-46E6-90FF-A3FD965C4D0B}.AppStore|x86.Build.0 = Release|Any CPU
		{184A9ABB-C46A-46E6-90FF-A3FD965C4D0B}.Debug|Any CPU.ActiveCfg = Debug|Any CPU
		{184A9ABB-C46A-46E6-90FF-A3FD965C4D0B}.Debug|Any CPU.Build.0 = Debug|Any CPU
		{184A9ABB-C46A-46E6-90FF-A3FD965C4D0B}.Debug|ARM.ActiveCfg = Debug|Any CPU
		{184A9ABB-C46A-46E6-90FF-A3FD965C4D0B}.Debug|ARM.Build.0 = Debug|Any CPU
		{184A9ABB-C46A-46E6-90FF-A3FD965C4D0B}.Debug|iPhone.ActiveCfg = Debug|Any CPU
		{184A9ABB-C46A-46E6-90FF-A3FD965C4D0B}.Debug|iPhone.Build.0 = Debug|Any CPU
		{184A9ABB-C46A-46E6-90FF-A3FD965C4D0B}.Debug|iPhoneSimulator.ActiveCfg = Debug|Any CPU
		{184A9ABB-C46A-46E6-90FF-A3FD965C4D0B}.Debug|iPhoneSimulator.Build.0 = Debug|Any CPU
		{184A9ABB-C46A-46E6-90FF-A3FD965C4D0B}.Debug|x64.ActiveCfg = Debug|Any CPU
		{184A9ABB-C46A-46E6-90FF-A3FD965C4D0B}.Debug|x64.Build.0 = Debug|Any CPU
		{184A9ABB-C46A-46E6-90FF-A3FD965C4D0B}.Debug|x86.ActiveCfg = Debug|Any CPU
		{184A9ABB-C46A-46E6-90FF-A3FD965C4D0B}.Debug|x86.Build.0 = Debug|Any CPU
		{184A9ABB-C46A-46E6-90FF-A3FD965C4D0B}.Release|Any CPU.ActiveCfg = Release|Any CPU
		{184A9ABB-C46A-46E6-90FF-A3FD965C4D0B}.Release|Any CPU.Build.0 = Release|Any CPU
		{184A9ABB-C46A-46E6-90FF-A3FD965C4D0B}.Release|ARM.ActiveCfg = Release|Any CPU
		{184A9ABB-C46A-46E6-90FF-A3FD965C4D0B}.Release|ARM.Build.0 = Release|Any CPU
		{184A9ABB-C46A-46E6-90FF-A3FD965C4D0B}.Release|iPhone.ActiveCfg = Release|Any CPU
		{184A9ABB-C46A-46E6-90FF-A3FD965C4D0B}.Release|iPhone.Build.0 = Release|Any CPU
		{184A9ABB-C46A-46E6-90FF-A3FD965C4D0B}.Release|iPhoneSimulator.ActiveCfg = Release|Any CPU
		{184A9ABB-C46A-46E6-90FF-A3FD965C4D0B}.Release|iPhoneSimulator.Build.0 = Release|Any CPU
		{184A9ABB-C46A-46E6-90FF-A3FD965C4D0B}.Release|x64.ActiveCfg = Release|Any CPU
		{184A9ABB-C46A-46E6-90FF-A3FD965C4D0B}.Release|x64.Build.0 = Release|Any CPU
		{184A9ABB-C46A-46E6-90FF-A3FD965C4D0B}.Release|x86.ActiveCfg = Release|Any CPU
		{184A9ABB-C46A-46E6-90FF-A3FD965C4D0B}.Release|x86.Build.0 = Release|Any CPU
	EndGlobalSection
	GlobalSection(SolutionProperties) = preSolution
		HideSolutionNode = FALSE
	EndGlobalSection
EndGlobal
